// !$*UTF8*$!
{
	archiveVersion = 1;
	classes = {
	};
	objectVersion = 46;
	objects = {

/* Begin PBXBuildFile section */
		87233EAC1D40E6A600F59AB3 /* WalletTests.m in Sources */ = {isa = PBXBuildFile; fileRef = 87233EAB1D40E6A600F59AB3 /* WalletTests.m */; };
		87233EAF1D40E8A000F59AB3 /* Wallet.m in Sources */ = {isa = PBXBuildFile; fileRef = 87233EAE1D40E8A000F59AB3 /* Wallet.m */; };
		87233EB41D4110A400F59AB3 /* WalletTableViewController.m in Sources */ = {isa = PBXBuildFile; fileRef = 87233EB31D4110A400F59AB3 /* WalletTableViewController.m */; };
		87233EB71D4114FD00F59AB3 /* ControllerTests.m in Sources */ = {isa = PBXBuildFile; fileRef = 87233EB61D4114FD00F59AB3 /* ControllerTests.m */; };
		87233EB81D41156400F59AB3 /* ViewController.m in Sources */ = {isa = PBXBuildFile; fileRef = 874C14AC1D3E9B0F003732DC /* ViewController.m */; };
		87233EB91D41156D00F59AB3 /* WalletTableViewController.m in Sources */ = {isa = PBXBuildFile; fileRef = 87233EB31D4110A400F59AB3 /* WalletTableViewController.m */; };
		87233EBC1D41193800F59AB3 /* NSNotificationCenterTests.m in Sources */ = {isa = PBXBuildFile; fileRef = 87233EBB1D41193800F59AB3 /* NSNotificationCenterTests.m */; };
		87233EBF1D411B8500F59AB3 /* FakeNotificationCenter.m in Sources */ = {isa = PBXBuildFile; fileRef = 87233EBE1D411B8500F59AB3 /* FakeNotificationCenter.m */; };
		87233EC21D41259500F59AB3 /* NetworkTests.m in Sources */ = {isa = PBXBuildFile; fileRef = 87233EC11D41259500F59AB3 /* NetworkTests.m */; };
		874C14A71D3E9B0F003732DC /* main.m in Sources */ = {isa = PBXBuildFile; fileRef = 874C14A61D3E9B0F003732DC /* main.m */; };
		874C14AA1D3E9B0F003732DC /* AppDelegate.m in Sources */ = {isa = PBXBuildFile; fileRef = 874C14A91D3E9B0F003732DC /* AppDelegate.m */; };
		874C14AD1D3E9B0F003732DC /* ViewController.m in Sources */ = {isa = PBXBuildFile; fileRef = 874C14AC1D3E9B0F003732DC /* ViewController.m */; };
		874C14B21D3E9B0F003732DC /* Assets.xcassets in Resources */ = {isa = PBXBuildFile; fileRef = 874C14B11D3E9B0F003732DC /* Assets.xcassets */; };
		874C14B51D3E9B0F003732DC /* LaunchScreen.storyboard in Resources */ = {isa = PBXBuildFile; fileRef = 874C14B31D3E9B0F003732DC /* LaunchScreen.storyboard */; };
		87D84B5F1D40C87700F90C32 /* BrokerTests.m in Sources */ = {isa = PBXBuildFile; fileRef = 87D84B5E1D40C87700F90C32 /* BrokerTests.m */; };
		87D84B621D40C9B200F90C32 /* Broker.m in Sources */ = {isa = PBXBuildFile; fileRef = 87D84B611D40C9B200F90C32 /* Broker.m */; };
		87DFC0941D3F6B3000DD6E8D /* Money.m in Sources */ = {isa = PBXBuildFile; fileRef = 87DFC0931D3F6B3000DD6E8D /* Money.m */; };
		87DFC09B1D3F700300DD6E8D /* NSObject+GNUStepAddons.m in Sources */ = {isa = PBXBuildFile; fileRef = 87DFC09A1D3F700300DD6E8D /* NSObject+GNUStepAddons.m */; };
		87DFC09D1D3F71F200DD6E8D /* MoneyTests.m in Sources */ = {isa = PBXBuildFile; fileRef = 87DFC09C1D3F71F200DD6E8D /* MoneyTests.m */; };
		87DFC09E1D3F73D700DD6E8D /* Money.m in Sources */ = {isa = PBXBuildFile; fileRef = 87DFC0931D3F6B3000DD6E8D /* Money.m */; };
/* End PBXBuildFile section */

/* Begin PBXContainerItemProxy section */
		874C14BC1D3E9B0F003732DC /* PBXContainerItemProxy */ = {
			isa = PBXContainerItemProxy;
			containerPortal = 874C149A1D3E9B0F003732DC /* Project object */;
			proxyType = 1;
			remoteGlobalIDString = 874C14A11D3E9B0F003732DC;
			remoteInfo = TDDWallet;
		};
/* End PBXContainerItemProxy section */

/* Begin PBXFileReference section */
		87233EAB1D40E6A600F59AB3 /* WalletTests.m */ = {isa = PBXFileReference; fileEncoding = 4; lastKnownFileType = sourcecode.c.objc; path = WalletTests.m; sourceTree = "<group>"; };
		87233EAD1D40E8A000F59AB3 /* Wallet.h */ = {isa = PBXFileReference; fileEncoding = 4; lastKnownFileType = sourcecode.c.h; path = Wallet.h; sourceTree = "<group>"; };
		87233EAE1D40E8A000F59AB3 /* Wallet.m */ = {isa = PBXFileReference; fileEncoding = 4; lastKnownFileType = sourcecode.c.objc; path = Wallet.m; sourceTree = "<group>"; };
		87233EB21D4110A400F59AB3 /* WalletTableViewController.h */ = {isa = PBXFileReference; fileEncoding = 4; lastKnownFileType = sourcecode.c.h; path = WalletTableViewController.h; sourceTree = "<group>"; };
		87233EB31D4110A400F59AB3 /* WalletTableViewController.m */ = {isa = PBXFileReference; fileEncoding = 4; lastKnownFileType = sourcecode.c.objc; path = WalletTableViewController.m; sourceTree = "<group>"; };
		87233EB61D4114FD00F59AB3 /* ControllerTests.m */ = {isa = PBXFileReference; fileEncoding = 4; lastKnownFileType = sourcecode.c.objc; path = ControllerTests.m; sourceTree = "<group>"; };
		87233EBB1D41193800F59AB3 /* NSNotificationCenterTests.m */ = {isa = PBXFileReference; fileEncoding = 4; lastKnownFileType = sourcecode.c.objc; path = NSNotificationCenterTests.m; sourceTree = "<group>"; };
		87233EBD1D411B8500F59AB3 /* FakeNotificationCenter.h */ = {isa = PBXFileReference; fileEncoding = 4; lastKnownFileType = sourcecode.c.h; path = FakeNotificationCenter.h; sourceTree = "<group>"; };
		87233EBE1D411B8500F59AB3 /* FakeNotificationCenter.m */ = {isa = PBXFileReference; fileEncoding = 4; lastKnownFileType = sourcecode.c.objc; path = FakeNotificationCenter.m; sourceTree = "<group>"; };
		87233EC11D41259500F59AB3 /* NetworkTests.m */ = {isa = PBXFileReference; fileEncoding = 4; lastKnownFileType = sourcecode.c.objc; path = NetworkTests.m; sourceTree = "<group>"; };
		874C14A21D3E9B0F003732DC /* TDDWallet.app */ = {isa = PBXFileReference; explicitFileType = wrapper.application; includeInIndex = 0; path = TDDWallet.app; sourceTree = BUILT_PRODUCTS_DIR; };
		874C14A61D3E9B0F003732DC /* main.m */ = {isa = PBXFileReference; lastKnownFileType = sourcecode.c.objc; path = main.m; sourceTree = "<group>"; };
		874C14A81D3E9B0F003732DC /* AppDelegate.h */ = {isa = PBXFileReference; lastKnownFileType = sourcecode.c.h; path = AppDelegate.h; sourceTree = "<group>"; };
		874C14A91D3E9B0F003732DC /* AppDelegate.m */ = {isa = PBXFileReference; lastKnownFileType = sourcecode.c.objc; path = AppDelegate.m; sourceTree = "<group>"; };
		874C14AB1D3E9B0F003732DC /* ViewController.h */ = {isa = PBXFileReference; lastKnownFileType = sourcecode.c.h; path = ViewController.h; sourceTree = "<group>"; };
		874C14AC1D3E9B0F003732DC /* ViewController.m */ = {isa = PBXFileReference; lastKnownFileType = sourcecode.c.objc; path = ViewController.m; sourceTree = "<group>"; };
		874C14B11D3E9B0F003732DC /* Assets.xcassets */ = {isa = PBXFileReference; lastKnownFileType = folder.assetcatalog; path = Assets.xcassets; sourceTree = "<group>"; };
		874C14B41D3E9B0F003732DC /* Base */ = {isa = PBXFileReference; lastKnownFileType = file.storyboard; name = Base; path = Base.lproj/LaunchScreen.storyboard; sourceTree = "<group>"; };
		874C14B61D3E9B0F003732DC /* Info.plist */ = {isa = PBXFileReference; lastKnownFileType = text.plist.xml; path = Info.plist; sourceTree = "<group>"; };
		874C14BB1D3E9B0F003732DC /* TDDWalletTests.xctest */ = {isa = PBXFileReference; explicitFileType = wrapper.cfbundle; includeInIndex = 0; path = TDDWalletTests.xctest; sourceTree = BUILT_PRODUCTS_DIR; };
		874C14C11D3E9B0F003732DC /* Info.plist */ = {isa = PBXFileReference; lastKnownFileType = text.plist.xml; path = Info.plist; sourceTree = "<group>"; };
		87D84B5E1D40C87700F90C32 /* BrokerTests.m */ = {isa = PBXFileReference; fileEncoding = 4; lastKnownFileType = sourcecode.c.objc; path = BrokerTests.m; sourceTree = "<group>"; };
		87D84B601D40C9B200F90C32 /* Broker.h */ = {isa = PBXFileReference; fileEncoding = 4; lastKnownFileType = sourcecode.c.h; path = Broker.h; sourceTree = "<group>"; };
		87D84B611D40C9B200F90C32 /* Broker.m */ = {isa = PBXFileReference; fileEncoding = 4; lastKnownFileType = sourcecode.c.objc; path = Broker.m; sourceTree = "<group>"; };
		87DFC0921D3F6B3000DD6E8D /* Money.h */ = {isa = PBXFileReference; fileEncoding = 4; lastKnownFileType = sourcecode.c.h; path = Money.h; sourceTree = "<group>"; };
		87DFC0931D3F6B3000DD6E8D /* Money.m */ = {isa = PBXFileReference; fileEncoding = 4; lastKnownFileType = sourcecode.c.objc; path = Money.m; sourceTree = "<group>"; };
		87DFC0991D3F700300DD6E8D /* NSObject+GNUStepAddons.h */ = {isa = PBXFileReference; fileEncoding = 4; lastKnownFileType = sourcecode.c.h; path = "NSObject+GNUStepAddons.h"; sourceTree = "<group>"; };
		87DFC09A1D3F700300DD6E8D /* NSObject+GNUStepAddons.m */ = {isa = PBXFileReference; fileEncoding = 4; lastKnownFileType = sourcecode.c.objc; path = "NSObject+GNUStepAddons.m"; sourceTree = "<group>"; };
		87DFC09C1D3F71F200DD6E8D /* MoneyTests.m */ = {isa = PBXFileReference; fileEncoding = 4; lastKnownFileType = sourcecode.c.objc; path = MoneyTests.m; sourceTree = "<group>"; };
/* End PBXFileReference section */

/* Begin PBXFrameworksBuildPhase section */
		874C149F1D3E9B0F003732DC /* Frameworks */ = {
			isa = PBXFrameworksBuildPhase;
			buildActionMask = 2147483647;
			files = (
			);
			runOnlyForDeploymentPostprocessing = 0;
		};
		874C14B81D3E9B0F003732DC /* Frameworks */ = {
			isa = PBXFrameworksBuildPhase;
			buildActionMask = 2147483647;
			files = (
			);
			runOnlyForDeploymentPostprocessing = 0;
		};
/* End PBXFrameworksBuildPhase section */

/* Begin PBXGroup section */
		8720B4DE1D3E9DD20025CBF6 /* Models */ = {
			isa = PBXGroup;
			children = (
				87DFC09C1D3F71F200DD6E8D /* MoneyTests.m */,
				87D84B5E1D40C87700F90C32 /* BrokerTests.m */,
				87233EAB1D40E6A600F59AB3 /* WalletTests.m */,
			);
			name = Models;
			sourceTree = "<group>";
		};
		87233EB01D40F6D100F59AB3 /* Controllers */ = {
			isa = PBXGroup;
			children = (
				874C14AC1D3E9B0F003732DC /* ViewController.m */,
				874C14AB1D3E9B0F003732DC /* ViewController.h */,
				87233EB21D4110A400F59AB3 /* WalletTableViewController.h */,
				87233EB31D4110A400F59AB3 /* WalletTableViewController.m */,
			);
			name = Controllers;
			sourceTree = "<group>";
		};
		87233EB51D4114DE00F59AB3 /* Controllers */ = {
			isa = PBXGroup;
			children = (
				87233EB61D4114FD00F59AB3 /* ControllerTests.m */,
			);
			name = Controllers;
			sourceTree = "<group>";
		};
		87233EBA1D41190F00F59AB3 /* Singletons */ = {
			isa = PBXGroup;
			children = (
				87233EBB1D41193800F59AB3 /* NSNotificationCenterTests.m */,
				87233EBD1D411B8500F59AB3 /* FakeNotificationCenter.h */,
				87233EBE1D411B8500F59AB3 /* FakeNotificationCenter.m */,
			);
			name = Singletons;
			sourceTree = "<group>";
		};
		87233EC01D41258100F59AB3 /* Network */ = {
			isa = PBXGroup;
			children = (
				87233EC11D41259500F59AB3 /* NetworkTests.m */,
			);
			name = Network;
			sourceTree = "<group>";
		};
		874C14991D3E9B0F003732DC = {
			isa = PBXGroup;
			children = (
				874C14A41D3E9B0F003732DC /* TDDWallet */,
				874C14BE1D3E9B0F003732DC /* TDDWalletTests */,
				874C14A31D3E9B0F003732DC /* Products */,
			);
			sourceTree = "<group>";
		};
		874C14A31D3E9B0F003732DC /* Products */ = {
			isa = PBXGroup;
			children = (
				874C14A21D3E9B0F003732DC /* TDDWallet.app */,
				874C14BB1D3E9B0F003732DC /* TDDWalletTests.xctest */,
			);
			name = Products;
			sourceTree = "<group>";
		};
		874C14A41D3E9B0F003732DC /* TDDWallet */ = {
			isa = PBXGroup;
			children = (
				87233EB01D40F6D100F59AB3 /* Controllers */,
				87DFC0951D3F6D3100DD6E8D /* Categories */,
				87DFC0871D3F5C9B00DD6E8D /* Models */,
				874C14A81D3E9B0F003732DC /* AppDelegate.h */,
				874C14A91D3E9B0F003732DC /* AppDelegate.m */,
				874C14B11D3E9B0F003732DC /* Assets.xcassets */,
				874C14B31D3E9B0F003732DC /* LaunchScreen.storyboard */,
				874C14B61D3E9B0F003732DC /* Info.plist */,
				874C14A51D3E9B0F003732DC /* Supporting Files */,
			);
			path = TDDWallet;
			sourceTree = "<group>";
		};
		874C14A51D3E9B0F003732DC /* Supporting Files */ = {
			isa = PBXGroup;
			children = (
				874C14A61D3E9B0F003732DC /* main.m */,
			);
			name = "Supporting Files";
			sourceTree = "<group>";
		};
		874C14BE1D3E9B0F003732DC /* TDDWalletTests */ = {
			isa = PBXGroup;
			children = (
				87233EC01D41258100F59AB3 /* Network */,
				87233EBA1D41190F00F59AB3 /* Singletons */,
				87233EB51D4114DE00F59AB3 /* Controllers */,
				8720B4DE1D3E9DD20025CBF6 /* Models */,
				874C14C11D3E9B0F003732DC /* Info.plist */,
			);
			path = TDDWalletTests;
			sourceTree = "<group>";
		};
		87DFC0871D3F5C9B00DD6E8D /* Models */ = {
			isa = PBXGroup;
			children = (
				87DFC0921D3F6B3000DD6E8D /* Money.h */,
				87DFC0931D3F6B3000DD6E8D /* Money.m */,
				87D84B601D40C9B200F90C32 /* Broker.h */,
				87D84B611D40C9B200F90C32 /* Broker.m */,
				87233EAD1D40E8A000F59AB3 /* Wallet.h */,
				87233EAE1D40E8A000F59AB3 /* Wallet.m */,
			);
			name = Models;
			sourceTree = "<group>";
		};
		87DFC0951D3F6D3100DD6E8D /* Categories */ = {
			isa = PBXGroup;
			children = (
				87DFC0991D3F700300DD6E8D /* NSObject+GNUStepAddons.h */,
				87DFC09A1D3F700300DD6E8D /* NSObject+GNUStepAddons.m */,
			);
			name = Categories;
			sourceTree = "<group>";
		};
/* End PBXGroup section */

/* Begin PBXNativeTarget section */
		874C14A11D3E9B0F003732DC /* TDDWallet */ = {
			isa = PBXNativeTarget;
			buildConfigurationList = 874C14CF1D3E9B0F003732DC /* Build configuration list for PBXNativeTarget "TDDWallet" */;
			buildPhases = (
				874C149E1D3E9B0F003732DC /* Sources */,
				874C149F1D3E9B0F003732DC /* Frameworks */,
				874C14A01D3E9B0F003732DC /* Resources */,
			);
			buildRules = (
			);
			dependencies = (
			);
			name = TDDWallet;
			productName = TDDWallet;
			productReference = 874C14A21D3E9B0F003732DC /* TDDWallet.app */;
			productType = "com.apple.product-type.application";
		};
		874C14BA1D3E9B0F003732DC /* TDDWalletTests */ = {
			isa = PBXNativeTarget;
			buildConfigurationList = 874C14D21D3E9B0F003732DC /* Build configuration list for PBXNativeTarget "TDDWalletTests" */;
			buildPhases = (
				874C14B71D3E9B0F003732DC /* Sources */,
				874C14B81D3E9B0F003732DC /* Frameworks */,
				874C14B91D3E9B0F003732DC /* Resources */,
			);
			buildRules = (
			);
			dependencies = (
				874C14BD1D3E9B0F003732DC /* PBXTargetDependency */,
			);
			name = TDDWalletTests;
			productName = TDDWalletTests;
			productReference = 874C14BB1D3E9B0F003732DC /* TDDWalletTests.xctest */;
			productType = "com.apple.product-type.bundle.unit-test";
		};
/* End PBXNativeTarget section */

/* Begin PBXProject section */
		874C149A1D3E9B0F003732DC /* Project object */ = {
			isa = PBXProject;
			attributes = {
				LastUpgradeCheck = 0730;
				ORGANIZATIONNAME = "Ivan Aguilar Martin";
				TargetAttributes = {
					874C14A11D3E9B0F003732DC = {
						CreatedOnToolsVersion = 7.3.1;
					};
					874C14BA1D3E9B0F003732DC = {
						CreatedOnToolsVersion = 7.3.1;
						TestTargetID = 874C14A11D3E9B0F003732DC;
					};
				};
			};
			buildConfigurationList = 874C149D1D3E9B0F003732DC /* Build configuration list for PBXProject "TDDWallet" */;
			compatibilityVersion = "Xcode 3.2";
			developmentRegion = English;
			hasScannedForEncodings = 0;
			knownRegions = (
				en,
				Base,
			);
			mainGroup = 874C14991D3E9B0F003732DC;
			productRefGroup = 874C14A31D3E9B0F003732DC /* Products */;
			projectDirPath = "";
			projectRoot = "";
			targets = (
				874C14A11D3E9B0F003732DC /* TDDWallet */,
				874C14BA1D3E9B0F003732DC /* TDDWalletTests */,
			);
		};
/* End PBXProject section */

/* Begin PBXResourcesBuildPhase section */
		874C14A01D3E9B0F003732DC /* Resources */ = {
			isa = PBXResourcesBuildPhase;
			buildActionMask = 2147483647;
			files = (
				874C14B51D3E9B0F003732DC /* LaunchScreen.storyboard in Resources */,
				874C14B21D3E9B0F003732DC /* Assets.xcassets in Resources */,
			);
			runOnlyForDeploymentPostprocessing = 0;
		};
		874C14B91D3E9B0F003732DC /* Resources */ = {
			isa = PBXResourcesBuildPhase;
			buildActionMask = 2147483647;
			files = (
			);
			runOnlyForDeploymentPostprocessing = 0;
		};
/* End PBXResourcesBuildPhase section */

/* Begin PBXSourcesBuildPhase section */
		874C149E1D3E9B0F003732DC /* Sources */ = {
			isa = PBXSourcesBuildPhase;
			buildActionMask = 2147483647;
			files = (
				87DFC0941D3F6B3000DD6E8D /* Money.m in Sources */,
				87DFC09B1D3F700300DD6E8D /* NSObject+GNUStepAddons.m in Sources */,
				87233EAF1D40E8A000F59AB3 /* Wallet.m in Sources */,
				874C14AD1D3E9B0F003732DC /* ViewController.m in Sources */,
				874C14AA1D3E9B0F003732DC /* AppDelegate.m in Sources */,
				87D84B621D40C9B200F90C32 /* Broker.m in Sources */,
				87233EB41D4110A400F59AB3 /* WalletTableViewController.m in Sources */,
				874C14A71D3E9B0F003732DC /* main.m in Sources */,
			);
			runOnlyForDeploymentPostprocessing = 0;
		};
		874C14B71D3E9B0F003732DC /* Sources */ = {
			isa = PBXSourcesBuildPhase;
			buildActionMask = 2147483647;
			files = (
				87233EB81D41156400F59AB3 /* ViewController.m in Sources */,
				87233EAC1D40E6A600F59AB3 /* WalletTests.m in Sources */,
				87233EC21D41259500F59AB3 /* NetworkTests.m in Sources */,
				87233EBC1D41193800F59AB3 /* NSNotificationCenterTests.m in Sources */,
				87D84B5F1D40C87700F90C32 /* BrokerTests.m in Sources */,
				87233EBF1D411B8500F59AB3 /* FakeNotificationCenter.m in Sources */,
				87DFC09E1D3F73D700DD6E8D /* Money.m in Sources */,
				87233EB71D4114FD00F59AB3 /* ControllerTests.m in Sources */,
				87DFC09D1D3F71F200DD6E8D /* MoneyTests.m in Sources */,
				87233EB91D41156D00F59AB3 /* WalletTableViewController.m in Sources */,
			);
			runOnlyForDeploymentPostprocessing = 0;
		};
/* End PBXSourcesBuildPhase section */

/* Begin PBXTargetDependency section */
		874C14BD1D3E9B0F003732DC /* PBXTargetDependency */ = {
			isa = PBXTargetDependency;
			target = 874C14A11D3E9B0F003732DC /* TDDWallet */;
			targetProxy = 874C14BC1D3E9B0F003732DC /* PBXContainerItemProxy */;
		};
/* End PBXTargetDependency section */

/* Begin PBXVariantGroup section */
		874C14B31D3E9B0F003732DC /* LaunchScreen.storyboard */ = {
			isa = PBXVariantGroup;
			children = (
				874C14B41D3E9B0F003732DC /* Base */,
			);
			name = LaunchScreen.storyboard;
			sourceTree = "<group>";
		};
/* End PBXVariantGroup section */

/* Begin XCBuildConfiguration section */
		874C14CD1D3E9B0F003732DC /* Debug */ = {
			isa = XCBuildConfiguration;
			buildSettings = {
				ALWAYS_SEARCH_USER_PATHS = NO;
				CLANG_ANALYZER_NONNULL = YES;
				CLANG_CXX_LANGUAGE_STANDARD = "gnu++0x";
				CLANG_CXX_LIBRARY = "libc++";
				CLANG_ENABLE_MODULES = YES;
				CLANG_ENABLE_OBJC_ARC = YES;
				CLANG_WARN_BOOL_CONVERSION = YES;
				CLANG_WARN_CONSTANT_CONVERSION = YES;
				CLANG_WARN_DIRECT_OBJC_ISA_USAGE = YES_ERROR;
				CLANG_WARN_EMPTY_BODY = YES;
				CLANG_WARN_ENUM_CONVERSION = YES;
				CLANG_WARN_INT_CONVERSION = YES;
				CLANG_WARN_OBJC_ROOT_CLASS = YES_ERROR;
				CLANG_WARN_UNREACHABLE_CODE = YES;
				CLANG_WARN__DUPLICATE_METHOD_MATCH = YES;
				"CODE_SIGN_IDENTITY[sdk=iphoneos*]" = "iPhone Developer";
				COPY_PHASE_STRIP = NO;
				DEBUG_INFORMATION_FORMAT = dwarf;
				ENABLE_STRICT_OBJC_MSGSEND = YES;
				ENABLE_TESTABILITY = YES;
				GCC_C_LANGUAGE_STANDARD = gnu99;
				GCC_DYNAMIC_NO_PIC = NO;
				GCC_NO_COMMON_BLOCKS = YES;
				GCC_OPTIMIZATION_LEVEL = 0;
				GCC_PREPROCESSOR_DEFINITIONS = (
					"DEBUG=1",
					"$(inherited)",
				);
				GCC_WARN_64_TO_32_BIT_CONVERSION = YES;
				GCC_WARN_ABOUT_RETURN_TYPE = YES_ERROR;
				GCC_WARN_UNDECLARED_SELECTOR = YES;
				GCC_WARN_UNINITIALIZED_AUTOS = YES_AGGRESSIVE;
				GCC_WARN_UNUSED_FUNCTION = YES;
				GCC_WARN_UNUSED_VARIABLE = YES;
				IPHONEOS_DEPLOYMENT_TARGET = 9.3;
				MTL_ENABLE_DEBUG_INFO = YES;
				ONLY_ACTIVE_ARCH = YES;
				SDKROOT = iphoneos;
				TARGETED_DEVICE_FAMILY = "1,2";
			};
			name = Debug;
		};
		874C14CE1D3E9B0F003732DC /* Release */ = {
			isa = XCBuildConfiguration;
			buildSettings = {
				ALWAYS_SEARCH_USER_PATHS = NO;
				CLANG_ANALYZER_NONNULL = YES;
				CLANG_CXX_LANGUAGE_STANDARD = "gnu++0x";
				CLANG_CXX_LIBRARY = "libc++";
				CLANG_ENABLE_MODULES = YES;
				CLANG_ENABLE_OBJC_ARC = YES;
				CLANG_WARN_BOOL_CONVERSION = YES;
				CLANG_WARN_CONSTANT_CONVERSION = YES;
				CLANG_WARN_DIRECT_OBJC_ISA_USAGE = YES_ERROR;
				CLANG_WARN_EMPTY_BODY = YES;
				CLANG_WARN_ENUM_CONVERSION = YES;
				CLANG_WARN_INT_CONVERSION = YES;
				CLANG_WARN_OBJC_ROOT_CLASS = YES_ERROR;
				CLANG_WARN_UNREACHABLE_CODE = YES;
				CLANG_WARN__DUPLICATE_METHOD_MATCH = YES;
				"CODE_SIGN_IDENTITY[sdk=iphoneos*]" = "iPhone Developer";
				COPY_PHASE_STRIP = NO;
				DEBUG_INFORMATION_FORMAT = "dwarf-with-dsym";
				ENABLE_NS_ASSERTIONS = NO;
				ENABLE_STRICT_OBJC_MSGSEND = YES;
				GCC_C_LANGUAGE_STANDARD = gnu99;
				GCC_NO_COMMON_BLOCKS = YES;
				GCC_WARN_64_TO_32_BIT_CONVERSION = YES;
				GCC_WARN_ABOUT_RETURN_TYPE = YES_ERROR;
				GCC_WARN_UNDECLARED_SELECTOR = YES;
				GCC_WARN_UNINITIALIZED_AUTOS = YES_AGGRESSIVE;
				GCC_WARN_UNUSED_FUNCTION = YES;
				GCC_WARN_UNUSED_VARIABLE = YES;
				IPHONEOS_DEPLOYMENT_TARGET = 9.3;
				MTL_ENABLE_DEBUG_INFO = NO;
				SDKROOT = iphoneos;
				TARGETED_DEVICE_FAMILY = "1,2";
				VALIDATE_PRODUCT = YES;
			};
			name = Release;
		};
		874C14D01D3E9B0F003732DC /* Debug */ = {
			isa = XCBuildConfiguration;
			buildSettings = {
				ASSETCATALOG_COMPILER_APPICON_NAME = AppIcon;
				INFOPLIST_FILE = TDDWallet/Info.plist;
				LD_RUNPATH_SEARCH_PATHS = "$(inherited) @executable_path/Frameworks";
				PRODUCT_BUNDLE_IDENTIFIER = com.iaguilarmartin.TDDWallet;
				PRODUCT_NAME = "$(TARGET_NAME)";
			};
			name = Debug;
		};
		874C14D11D3E9B0F003732DC /* Release */ = {
			isa = XCBuildConfiguration;
			buildSettings = {
				ASSETCATALOG_COMPILER_APPICON_NAME = AppIcon;
				INFOPLIST_FILE = TDDWallet/Info.plist;
				LD_RUNPATH_SEARCH_PATHS = "$(inherited) @executable_path/Frameworks";
				PRODUCT_BUNDLE_IDENTIFIER = com.iaguilarmartin.TDDWallet;
				PRODUCT_NAME = "$(TARGET_NAME)";
			};
			name = Release;
		};
		874C14D31D3E9B0F003732DC /* Debug */ = {
			isa = XCBuildConfiguration;
			buildSettings = {
				BUNDLE_LOADER = "$(TEST_HOST)";
				INFOPLIST_FILE = TDDWalletTests/Info.plist;
				LD_RUNPATH_SEARCH_PATHS = "$(inherited) @executable_path/Frameworks @loader_path/Frameworks";
				PRODUCT_BUNDLE_IDENTIFIER = com.iaguilarmartin.TDDWalletTests;
				PRODUCT_NAME = "$(TARGET_NAME)";
				TEST_HOST = "$(BUILT_PRODUCTS_DIR)/TDDWallet.app/TDDWallet";
			};
			name = Debug;
		};
		874C14D41D3E9B0F003732DC /* Release */ = {
			isa = XCBuildConfiguration;
			buildSettings = {
				BUNDLE_LOADER = "$(TEST_HOST)";
				INFOPLIST_FILE = TDDWalletTests/Info.plist;
				LD_RUNPATH_SEARCH_PATHS = "$(inherited) @executable_path/Frameworks @loader_path/Frameworks";
				PRODUCT_BUNDLE_IDENTIFIER = com.iaguilarmartin.TDDWalletTests;
				PRODUCT_NAME = "$(TARGET_NAME)";
				TEST_HOST = "$(BUILT_PRODUCTS_DIR)/TDDWallet.app/TDDWallet";
			};
			name = Release;
		};
/* End XCBuildConfiguration section */

/* Begin XCConfigurationList section */
		874C149D1D3E9B0F003732DC /* Build configuration list for PBXProject "TDDWallet" */ = {
			isa = XCConfigurationList;
			buildConfigurations = (
				874C14CD1D3E9B0F003732DC /* Debug */,
				874C14CE1D3E9B0F003732DC /* Release */,
			);
			defaultConfigurationIsVisible = 0;
			defaultConfigurationName = Release;
		};
		874C14CF1D3E9B0F003732DC /* Build configuration list for PBXNativeTarget "TDDWallet" */ = {
			isa = XCConfigurationList;
			buildConfigurations = (
				874C14D01D3E9B0F003732DC /* Debug */,
				874C14D11D3E9B0F003732DC /* Release */,
			);
			defaultConfigurationIsVisible = 0;
			defaultConfigurationName = Release;
		};
		874C14D21D3E9B0F003732DC /* Build configuration list for PBXNativeTarget "TDDWalletTests" */ = {
			isa = XCConfigurationList;
			buildConfigurations = (
				874C14D31D3E9B0F003732DC /* Debug */,
				874C14D41D3E9B0F003732DC /* Release */,
			);
			defaultConfigurationIsVisible = 0;
			defaultConfigurationName = Release;
		};
/* End XCConfigurationList section */
	};
	rootObject = 874C149A1D3E9B0F003732DC /* Project object */;
}
